dependencies:
- name: postgresql
  repository: https://charts.bitnami.com/bitnami
  version: 13.2.5
- name: keycloak
  repository: https://charts.bitnami.com/bitnami
  version: 18.2.1
- name: krakend
  repository: https://helm.equinixmetal.com
  version: v0.1.27
- name: mailhog
  repository: https://codecentric.github.io/helm-charts
  version: 5.2.3
- name: kube-prometheus-stack
  repository: https://prometheus-community.github.io/helm-charts
  version: 51.4.0
digest: sha256:d0eaee467b10819abc1c1cf7999a1249e2d8eec21e8a91035b0a856758294c17
generated: "2024-02-15T17:33:08.893927+02:00"
